Microsoft Visual Studio Solution File, Format Version 11.00
# Visual Studio 2008

Project("{B375DF4A-E3BD-F042-8D48-8AB8B50DFDA0}") = "brokenGGJ2016", "Assembly-CSharp.csproj", "{ECAD9DB7-B20A-0B4C-8703-FD32991CCD37}"
EndProject
Global
	GlobalSection(SolutionConfigurationPlatforms) = preSolution
		Debug|Any CPU = Debug|Any CPU
		Release|Any CPU = Release|Any CPU
	EndGlobalSection
	GlobalSection(ProjectConfigurationPlatforms) = postSolution
		{ECAD9DB7-B20A-0B4C-8703-FD32991CCD37}.Debug|Any CPU.ActiveCfg = Debug|Any CPU
		{ECAD9DB7-B20A-0B4C-8703-FD32991CCD37}.Debug|Any CPU.Build.0 = Debug|Any CPU
		{ECAD9DB7-B20A-0B4C-8703-FD32991CCD37}.Release|Any CPU.ActiveCfg = Release|Any CPU
		{ECAD9DB7-B20A-0B4C-8703-FD32991CCD37}.Release|Any CPU.Build.0 = Release|Any CPU
	EndGlobalSection
	GlobalSection(SolutionProperties) = preSolution
		HideSolutionNode = FALSE
	EndGlobalSection
	GlobalSection(MonoDevelopProperties) = preSolution
		StartupItem = Assembly-CSharp.csproj
	EndGlobalSection
EndGlobal
