Microsoft Visual Studio Solution File, Format Version 11.00
# Visual Studio 2008

Project("{48BAA99F-C2D4-2362-564B-2025A09B23B2}") = "keysGGJ2016", "Assembly-CSharp.csproj", "{952FD8D5-2B45-85F2-591F-70A1F7497811}"
EndProject
Global
	GlobalSection(SolutionConfigurationPlatforms) = preSolution
		Debug|Any CPU = Debug|Any CPU
		Release|Any CPU = Release|Any CPU
	EndGlobalSection
	GlobalSection(ProjectConfigurationPlatforms) = postSolution
		{952FD8D5-2B45-85F2-591F-70A1F7497811}.Debug|Any CPU.ActiveCfg = Debug|Any CPU
		{952FD8D5-2B45-85F2-591F-70A1F7497811}.Debug|Any CPU.Build.0 = Debug|Any CPU
		{952FD8D5-2B45-85F2-591F-70A1F7497811}.Release|Any CPU.ActiveCfg = Release|Any CPU
		{952FD8D5-2B45-85F2-591F-70A1F7497811}.Release|Any CPU.Build.0 = Release|Any CPU
	EndGlobalSection
	GlobalSection(SolutionProperties) = preSolution
		HideSolutionNode = FALSE
	EndGlobalSection
	GlobalSection(MonoDevelopProperties) = preSolution
		StartupItem = Assembly-CSharp.csproj
	EndGlobalSection
EndGlobal
